
Microsoft Visual Studio Solution File, Format Version 12.00
# Visual Studio Version 17
VisualStudioVersion = 17.9.34728.123
MinimumVisualStudioVersion = 10.0.40219.1
Project("{9A19103F-16F7-4668-BE54-9A1E7A4F7556}") = "Assembly.Domain", "Assembly.Domain\Assembly.Domain.csproj", "{90AEE4C5-CA16-406F-B400-A42B84BD6047}"
EndProject
Project("{9A19103F-16F7-4668-BE54-9A1E7A4F7556}") = "Assembly.Data", "Assembly.Data\Assembly.Data.csproj", "{47A9FC1C-2D37-4A52-8321-800E90A78385}"
EndProject
Project("{9A19103F-16F7-4668-BE54-9A1E7A4F7556}") = "Assembly.Rest", "Assembly.Rest\Assembly.Rest.csproj", "{7B9702EE-DEE7-4364-9BD7-84222B97F73F}"
EndProject
Project("{2150E333-8FDC-42A3-9474-1A3956D46DE8}") = "Tests", "Tests", "{ED74D006-84DD-4742-87C2-1C0D0CBA89F6}"
EndProject
Project("{FAE04EC0-301F-11D3-BF4B-00C04F79EFBC}") = "DomainTesting", "DomainTesting\DomainTesting.csproj", "{3AD7EB97-6BF5-4589-A29F-CF53CA9061BE}"
EndProject
Global
	GlobalSection(SolutionConfigurationPlatforms) = preSolution
		Debug|Any CPU = Debug|Any CPU
		Release|Any CPU = Release|Any CPU
	EndGlobalSection
	GlobalSection(ProjectConfigurationPlatforms) = postSolution
		{90AEE4C5-CA16-406F-B400-A42B84BD6047}.Debug|Any CPU.ActiveCfg = Debug|Any CPU
		{90AEE4C5-CA16-406F-B400-A42B84BD6047}.Debug|Any CPU.Build.0 = Debug|Any CPU
		{90AEE4C5-CA16-406F-B400-A42B84BD6047}.Release|Any CPU.ActiveCfg = Release|Any CPU
		{90AEE4C5-CA16-406F-B400-A42B84BD6047}.Release|Any CPU.Build.0 = Release|Any CPU
		{47A9FC1C-2D37-4A52-8321-800E90A78385}.Debug|Any CPU.ActiveCfg = Debug|Any CPU
		{47A9FC1C-2D37-4A52-8321-800E90A78385}.Debug|Any CPU.Build.0 = Debug|Any CPU
		{47A9FC1C-2D37-4A52-8321-800E90A78385}.Release|Any CPU.ActiveCfg = Release|Any CPU
		{47A9FC1C-2D37-4A52-8321-800E90A78385}.Release|Any CPU.Build.0 = Release|Any CPU
		{7B9702EE-DEE7-4364-9BD7-84222B97F73F}.Debug|Any CPU.ActiveCfg = Debug|Any CPU
		{7B9702EE-DEE7-4364-9BD7-84222B97F73F}.Debug|Any CPU.Build.0 = Debug|Any CPU
		{7B9702EE-DEE7-4364-9BD7-84222B97F73F}.Release|Any CPU.ActiveCfg = Release|Any CPU
		{7B9702EE-DEE7-4364-9BD7-84222B97F73F}.Release|Any CPU.Build.0 = Release|Any CPU
		{3AD7EB97-6BF5-4589-A29F-CF53CA9061BE}.Debug|Any CPU.ActiveCfg = Debug|Any CPU
		{3AD7EB97-6BF5-4589-A29F-CF53CA9061BE}.Debug|Any CPU.Build.0 = Debug|Any CPU
		{3AD7EB97-6BF5-4589-A29F-CF53CA9061BE}.Release|Any CPU.ActiveCfg = Release|Any CPU
		{3AD7EB97-6BF5-4589-A29F-CF53CA9061BE}.Release|Any CPU.Build.0 = Release|Any CPU
	EndGlobalSection
	GlobalSection(SolutionProperties) = preSolution
		HideSolutionNode = FALSE
	EndGlobalSection
	GlobalSection(NestedProjects) = preSolution
		{3AD7EB97-6BF5-4589-A29F-CF53CA9061BE} = {ED74D006-84DD-4742-87C2-1C0D0CBA89F6}
	EndGlobalSection
	GlobalSection(ExtensibilityGlobals) = postSolution
		SolutionGuid = {99B6698D-698D-4B21-B3E8-F0D4E68F7319}
	EndGlobalSection
EndGlobal
